
Microsoft Visual Studio Solution File, Format Version 12.00
# Visual Studio Version 17
VisualStudioVersion = 17.0.31903.59
MinimumVisualStudioVersion = 10.0.40219.1
Project("{2150E333-8FDC-42A3-9474-1A3956D46DE8}") = "src", "src", "{827E0CD3-B72D-47B6-A68D-7590B98EB39B}"
EndProject
Project("{FAE04EC0-301F-11D3-BF4B-00C04F79EFBC}") = "Roletopia.CoreEngine", "src\Roletopia.CoreEngine\Roletopia.CoreEngine.csproj", "{9875D14D-0CEC-45AA-9B0E-326CDA477186}"
EndProject
Project("{FAE04EC0-301F-11D3-BF4B-00C04F79EFBC}") = "Roletopia.RoleSystem", "src\Roletopia.RoleSystem\Roletopia.RoleSystem.csproj", "{B5C4F9ED-476C-46AB-B341-52F7E7CEA47A}"
EndProject
Project("{FAE04EC0-301F-11D3-BF4B-00C04F79EFBC}") = "Roletopia.Networking", "src\Roletopia.Networking\Roletopia.Networking.csproj", "{B9F16F49-E747-42DE-9AB1-8CB128DE0ABF}"
EndProject
Project("{FAE04EC0-301F-11D3-BF4B-00C04F79EFBC}") = "Roletopia.PluginLoader", "src\Roletopia.PluginLoader\Roletopia.PluginLoader.csproj", "{E78BF8BB-3E0E-410C-8AEF-393F282F88C6}"
EndProject
Project("{FAE04EC0-301F-11D3-BF4B-00C04F79EFBC}") = "Roletopia.Installer", "src\Roletopia.Installer\Roletopia.Installer.csproj", "{92FC826D-FF5B-4558-ACB3-20EF976F1B64}"
EndProject
Global
	GlobalSection(SolutionConfigurationPlatforms) = preSolution
		Debug|Any CPU = Debug|Any CPU
		Debug|x64 = Debug|x64
		Debug|x86 = Debug|x86
		Release|Any CPU = Release|Any CPU
		Release|x64 = Release|x64
		Release|x86 = Release|x86
	EndGlobalSection
	GlobalSection(ProjectConfigurationPlatforms) = postSolution
		{9875D14D-0CEC-45AA-9B0E-326CDA477186}.Debug|Any CPU.ActiveCfg = Debug|Any CPU
		{9875D14D-0CEC-45AA-9B0E-326CDA477186}.Debug|Any CPU.Build.0 = Debug|Any CPU
		{9875D14D-0CEC-45AA-9B0E-326CDA477186}.Debug|x64.ActiveCfg = Debug|Any CPU
		{9875D14D-0CEC-45AA-9B0E-326CDA477186}.Debug|x64.Build.0 = Debug|Any CPU
		{9875D14D-0CEC-45AA-9B0E-326CDA477186}.Debug|x86.ActiveCfg = Debug|Any CPU
		{9875D14D-0CEC-45AA-9B0E-326CDA477186}.Debug|x86.Build.0 = Debug|Any CPU
		{9875D14D-0CEC-45AA-9B0E-326CDA477186}.Release|Any CPU.ActiveCfg = Release|Any CPU
		{9875D14D-0CEC-45AA-9B0E-326CDA477186}.Release|Any CPU.Build.0 = Release|Any CPU
		{9875D14D-0CEC-45AA-9B0E-326CDA477186}.Release|x64.ActiveCfg = Release|Any CPU
		{9875D14D-0CEC-45AA-9B0E-326CDA477186}.Release|x64.Build.0 = Release|Any CPU
		{9875D14D-0CEC-45AA-9B0E-326CDA477186}.Release|x86.ActiveCfg = Release|Any CPU
		{9875D14D-0CEC-45AA-9B0E-326CDA477186}.Release|x86.Build.0 = Release|Any CPU
		{B5C4F9ED-476C-46AB-B341-52F7E7CEA47A}.Debug|Any CPU.ActiveCfg = Debug|Any CPU
		{B5C4F9ED-476C-46AB-B341-52F7E7CEA47A}.Debug|Any CPU.Build.0 = Debug|Any CPU
		{B5C4F9ED-476C-46AB-B341-52F7E7CEA47A}.Debug|x64.ActiveCfg = Debug|Any CPU
		{B5C4F9ED-476C-46AB-B341-52F7E7CEA47A}.Debug|x64.Build.0 = Debug|Any CPU
		{B5C4F9ED-476C-46AB-B341-52F7E7CEA47A}.Debug|x86.ActiveCfg = Debug|Any CPU
		{B5C4F9ED-476C-46AB-B341-52F7E7CEA47A}.Debug|x86.Build.0 = Debug|Any CPU
		{B5C4F9ED-476C-46AB-B341-52F7E7CEA47A}.Release|Any CPU.ActiveCfg = Release|Any CPU
		{B5C4F9ED-476C-46AB-B341-52F7E7CEA47A}.Release|Any CPU.Build.0 = Release|Any CPU
		{B5C4F9ED-476C-46AB-B341-52F7E7CEA47A}.Release|x64.ActiveCfg = Release|Any CPU
		{B5C4F9ED-476C-46AB-B341-52F7E7CEA47A}.Release|x64.Build.0 = Release|Any CPU
		{B5C4F9ED-476C-46AB-B341-52F7E7CEA47A}.Release|x86.ActiveCfg = Release|Any CPU
		{B5C4F9ED-476C-46AB-B341-52F7E7CEA47A}.Release|x86.Build.0 = Release|Any CPU
		{B9F16F49-E747-42DE-9AB1-8CB128DE0ABF}.Debug|Any CPU.ActiveCfg = Debug|Any CPU
		{B9F16F49-E747-42DE-9AB1-8CB128DE0ABF}.Debug|Any CPU.Build.0 = Debug|Any CPU
		{B9F16F49-E747-42DE-9AB1-8CB128DE0ABF}.Debug|x64.ActiveCfg = Debug|Any CPU
		{B9F16F49-E747-42DE-9AB1-8CB128DE0ABF}.Debug|x64.Build.0 = Debug|Any CPU
		{B9F16F49-E747-42DE-9AB1-8CB128DE0ABF}.Debug|x86.ActiveCfg = Debug|Any CPU
		{B9F16F49-E747-42DE-9AB1-8CB128DE0ABF}.Debug|x86.Build.0 = Debug|Any CPU
		{B9F16F49-E747-42DE-9AB1-8CB128DE0ABF}.Release|Any CPU.ActiveCfg = Release|Any CPU
		{B9F16F49-E747-42DE-9AB1-8CB128DE0ABF}.Release|Any CPU.Build.0 = Release|Any CPU
		{B9F16F49-E747-42DE-9AB1-8CB128DE0ABF}.Release|x64.ActiveCfg = Release|Any CPU
		{B9F16F49-E747-42DE-9AB1-8CB128DE0ABF}.Release|x64.Build.0 = Release|Any CPU
		{B9F16F49-E747-42DE-9AB1-8CB128DE0ABF}.Release|x86.ActiveCfg = Release|Any CPU
		{B9F16F49-E747-42DE-9AB1-8CB128DE0ABF}.Release|x86.Build.0 = Release|Any CPU
		{E78BF8BB-3E0E-410C-8AEF-393F282F88C6}.Debug|Any CPU.ActiveCfg = Debug|Any CPU
		{E78BF8BB-3E0E-410C-8AEF-393F282F88C6}.Debug|Any CPU.Build.0 = Debug|Any CPU
		{E78BF8BB-3E0E-410C-8AEF-393F282F88C6}.Debug|x64.ActiveCfg = Debug|Any CPU
		{E78BF8BB-3E0E-410C-8AEF-393F282F88C6}.Debug|x64.Build.0 = Debug|Any CPU
		{E78BF8BB-3E0E-410C-8AEF-393F282F88C6}.Debug|x86.ActiveCfg = Debug|Any CPU
		{E78BF8BB-3E0E-410C-8AEF-393F282F88C6}.Debug|x86.Build.0 = Debug|Any CPU
		{E78BF8BB-3E0E-410C-8AEF-393F282F88C6}.Release|Any CPU.ActiveCfg = Release|Any CPU
		{E78BF8BB-3E0E-410C-8AEF-393F282F88C6}.Release|Any CPU.Build.0 = Release|Any CPU
		{E78BF8BB-3E0E-410C-8AEF-393F282F88C6}.Release|x64.ActiveCfg = Release|Any CPU
		{E78BF8BB-3E0E-410C-8AEF-393F282F88C6}.Release|x64.Build.0 = Release|Any CPU
		{E78BF8BB-3E0E-410C-8AEF-393F282F88C6}.Release|x86.ActiveCfg = Release|Any CPU
		{E78BF8BB-3E0E-410C-8AEF-393F282F88C6}.Release|x86.Build.0 = Release|Any CPU
		{92FC826D-FF5B-4558-ACB3-20EF976F1B64}.Debug|Any CPU.ActiveCfg = Debug|Any CPU
		{92FC826D-FF5B-4558-ACB3-20EF976F1B64}.Debug|Any CPU.Build.0 = Debug|Any CPU
		{92FC826D-FF5B-4558-ACB3-20EF976F1B64}.Debug|x64.ActiveCfg = Debug|Any CPU
		{92FC826D-FF5B-4558-ACB3-20EF976F1B64}.Debug|x64.Build.0 = Debug|Any CPU
		{92FC826D-FF5B-4558-ACB3-20EF976F1B64}.Debug|x86.ActiveCfg = Debug|Any CPU
		{92FC826D-FF5B-4558-ACB3-20EF976F1B64}.Debug|x86.Build.0 = Debug|Any CPU
		{92FC826D-FF5B-4558-ACB3-20EF976F1B64}.Release|Any CPU.ActiveCfg = Release|Any CPU
		{92FC826D-FF5B-4558-ACB3-20EF976F1B64}.Release|Any CPU.Build.0 = Release|Any CPU
		{92FC826D-FF5B-4558-ACB3-20EF976F1B64}.Release|x64.ActiveCfg = Release|Any CPU
		{92FC826D-FF5B-4558-ACB3-20EF976F1B64}.Release|x64.Build.0 = Release|Any CPU
		{92FC826D-FF5B-4558-ACB3-20EF976F1B64}.Release|x86.ActiveCfg = Release|Any CPU
		{92FC826D-FF5B-4558-ACB3-20EF976F1B64}.Release|x86.Build.0 = Release|Any CPU
	EndGlobalSection
	GlobalSection(SolutionProperties) = preSolution
		HideSolutionNode = FALSE
	EndGlobalSection
	GlobalSection(NestedProjects) = preSolution
		{9875D14D-0CEC-45AA-9B0E-326CDA477186} = {827E0CD3-B72D-47B6-A68D-7590B98EB39B}
		{B5C4F9ED-476C-46AB-B341-52F7E7CEA47A} = {827E0CD3-B72D-47B6-A68D-7590B98EB39B}
		{B9F16F49-E747-42DE-9AB1-8CB128DE0ABF} = {827E0CD3-B72D-47B6-A68D-7590B98EB39B}
		{E78BF8BB-3E0E-410C-8AEF-393F282F88C6} = {827E0CD3-B72D-47B6-A68D-7590B98EB39B}
		{92FC826D-FF5B-4558-ACB3-20EF976F1B64} = {827E0CD3-B72D-47B6-A68D-7590B98EB39B}
	EndGlobalSection
EndGlobal
